
Microsoft Visual Studio Solution File, Format Version 12.00
# Visual Studio 15
VisualStudioVersion = 15.0.28307.1525
MinimumVisualStudioVersion = 10.0.40219.1
Project("{FAE04EC0-301F-11D3-BF4B-00C04F79EFBC}") = "ContactManagementSystem", "ContactManagementSystem\ContactManagementSystem.csproj", "{EDDF43D9-E794-4020-859B-57367702C495}"
EndProject
Global
	GlobalSection(SolutionConfigurationPlatforms) = preSolution
		Debug|Any CPU = Debug|Any CPU
		Release|Any CPU = Release|Any CPU
	EndGlobalSection
	GlobalSection(ProjectConfigurationPlatforms) = postSolution
		{EDDF43D9-E794-4020-859B-57367702C495}.Debug|Any CPU.ActiveCfg = Debug|Any CPU
		{EDDF43D9-E794-4020-859B-57367702C495}.Debug|Any CPU.Build.0 = Debug|Any CPU
		{EDDF43D9-E794-4020-859B-57367702C495}.Release|Any CPU.ActiveCfg = Release|Any CPU
		{EDDF43D9-E794-4020-859B-57367702C495}.Release|Any CPU.Build.0 = Release|Any CPU
	EndGlobalSection
	GlobalSection(SolutionProperties) = preSolution
		HideSolutionNode = FALSE
	EndGlobalSection
	GlobalSection(ExtensibilityGlobals) = postSolution
		SolutionGuid = {AF30D3B3-CA7E-449A-B6EC-71704B518E7C}
	EndGlobalSection
EndGlobal
